
Microsoft Visual Studio Solution File, Format Version 12.00
# Visual Studio 15
VisualStudioVersion = 15.0.27703.1
MinimumVisualStudioVersion = 10.0.40219.1
Project("{FAE04EC0-301F-11D3-BF4B-00C04F79EFBC}") = "ResMonitor", "ResMonitor\ResMonitor.csproj", "{31AA1131-6ABC-43B6-9164-0E6F4BB6944A}"
EndProject
Global
	GlobalSection(SolutionConfigurationPlatforms) = preSolution
		Debug|Any CPU = Debug|Any CPU
		Release|Any CPU = Release|Any CPU
	EndGlobalSection
	GlobalSection(ProjectConfigurationPlatforms) = postSolution
		{31AA1131-6ABC-43B6-9164-0E6F4BB6944A}.Debug|Any CPU.ActiveCfg = Debug|Any CPU
		{31AA1131-6ABC-43B6-9164-0E6F4BB6944A}.Debug|Any CPU.Build.0 = Debug|Any CPU
		{31AA1131-6ABC-43B6-9164-0E6F4BB6944A}.Release|Any CPU.ActiveCfg = Release|Any CPU
		{31AA1131-6ABC-43B6-9164-0E6F4BB6944A}.Release|Any CPU.Build.0 = Release|Any CPU
	EndGlobalSection
	GlobalSection(SolutionProperties) = preSolution
		HideSolutionNode = FALSE
	EndGlobalSection
	GlobalSection(ExtensibilityGlobals) = postSolution
		SolutionGuid = {6F153FB2-6582-45CD-855D-A65C329B0203}
	EndGlobalSection
EndGlobal
